// !$*UTF8*$!
{
	archiveVersion = 1;
	classes = {
	};
	objectVersion = 50;
	objects = {

/* Begin PBXBuildFile section */
		8AE9B14822203EE3004A8553 /* GKNativeExtensions.mm in Sources */ = {isa = PBXBuildFile; fileRef = 8AE9B10F22202F48004A8553 /* GKNativeExtensions.mm */; };
		8AE9B14922203EED004A8553 /* GameKit.framework in Frameworks */ = {isa = PBXBuildFile; fileRef = 8AE9B11222202FD6004A8553 /* GameKit.framework */; };
		8AE9B14A22203EF2004A8553 /* GKNativeExtensions.h in Sources */ = {isa = PBXBuildFile; fileRef = 8AE9B0F822202F06004A8553 /* GKNativeExtensions.h */; };
/* End PBXBuildFile section */

/* Begin PBXFileReference section */
		8AE9B0F822202F06004A8553 /* GKNativeExtensions.h */ = {isa = PBXFileReference; lastKnownFileType = sourcecode.c.h; path = GKNativeExtensions.h; sourceTree = "<group>"; };
		8AE9B0F922202F06004A8553 /* Info.plist */ = {isa = PBXFileReference; lastKnownFileType = text.plist.xml; path = Info.plist; sourceTree = "<group>"; };
		8AE9B10322202F06004A8553 /* GKNativeExtensionsTests.m */ = {isa = PBXFileReference; lastKnownFileType = sourcecode.c.objc; path = GKNativeExtensionsTests.m; sourceTree = "<group>"; };
		8AE9B10522202F06004A8553 /* Info.plist */ = {isa = PBXFileReference; lastKnownFileType = text.plist.xml; path = Info.plist; sourceTree = "<group>"; };
		8AE9B10F22202F48004A8553 /* GKNativeExtensions.mm */ = {isa = PBXFileReference; lastKnownFileType = sourcecode.cpp.objcpp; path = GKNativeExtensions.mm; sourceTree = "<group>"; };
		8AE9B11222202FD6004A8553 /* GameKit.framework */ = {isa = PBXFileReference; lastKnownFileType = wrapper.framework; name = GameKit.framework; path = System/Library/Frameworks/GameKit.framework; sourceTree = SDKROOT; };
		8AE9B12A222032EF004A8553 /* Info.plist */ = {isa = PBXFileReference; lastKnownFileType = text.plist.xml; path = Info.plist; sourceTree = "<group>"; };
		8AE9B14222203EB9004A8553 /* GKNativeExtensions.bundle */ = {isa = PBXFileReference; explicitFileType = wrapper.cfbundle; includeInIndex = 0; path = GKNativeExtensions.bundle; sourceTree = BUILT_PRODUCTS_DIR; };
		8AE9B14422203EB9004A8553 /* Info.plist */ = {isa = PBXFileReference; lastKnownFileType = text.plist.xml; path = Info.plist; sourceTree = "<group>"; };
/* End PBXFileReference section */

/* Begin PBXFrameworksBuildPhase section */
		8AE9B13F22203EB9004A8553 /* Frameworks */ = {
			isa = PBXFrameworksBuildPhase;
			buildActionMask = 2147483647;
			files = (
				8AE9B14922203EED004A8553 /* GameKit.framework in Frameworks */,
			);
			runOnlyForDeploymentPostprocessing = 0;
		};
/* End PBXFrameworksBuildPhase section */

/* Begin PBXGroup section */
		8AE9B0EB22202F06004A8553 = {
			isa = PBXGroup;
			children = (
				8AE9B0F722202F06004A8553 /* GKNativeExtensions */,
				8AE9B10222202F06004A8553 /* GKNativeExtensionsTests */,
				8AE9B129222032EF004A8553 /* GKNativeExtensions */,
				8AE9B14322203EB9004A8553 /* GKNativeExtensions */,
				8AE9B0F622202F06004A8553 /* Products */,
				8AE9B11122202FD5004A8553 /* Frameworks */,
			);
			sourceTree = "<group>";
		};
		8AE9B0F622202F06004A8553 /* Products */ = {
			isa = PBXGroup;
			children = (
				8AE9B14222203EB9004A8553 /* GKNativeExtensions.bundle */,
			);
			name = Products;
			sourceTree = "<group>";
		};
		8AE9B0F722202F06004A8553 /* GKNativeExtensions */ = {
			isa = PBXGroup;
			children = (
				8AE9B0F822202F06004A8553 /* GKNativeExtensions.h */,
				8AE9B0F922202F06004A8553 /* Info.plist */,
				8AE9B10F22202F48004A8553 /* GKNativeExtensions.mm */,
			);
			path = GKNativeExtensions;
			sourceTree = "<group>";
		};
		8AE9B10222202F06004A8553 /* GKNativeExtensionsTests */ = {
			isa = PBXGroup;
			children = (
				8AE9B10322202F06004A8553 /* GKNativeExtensionsTests.m */,
				8AE9B10522202F06004A8553 /* Info.plist */,
			);
			path = GKNativeExtensionsTests;
			sourceTree = "<group>";
		};
		8AE9B11122202FD5004A8553 /* Frameworks */ = {
			isa = PBXGroup;
			children = (
				8AE9B11222202FD6004A8553 /* GameKit.framework */,
			);
			name = Frameworks;
			sourceTree = "<group>";
		};
		8AE9B129222032EF004A8553 /* GKNativeExtensions */ = {
			isa = PBXGroup;
			children = (
				8AE9B12A222032EF004A8553 /* Info.plist */,
			);
			path = GKNativeExtensions;
			sourceTree = "<group>";
		};
		8AE9B14322203EB9004A8553 /* GKNativeExtensions */ = {
			isa = PBXGroup;
			children = (
				8AE9B14422203EB9004A8553 /* Info.plist */,
			);
			path = GKNativeExtensions;
			sourceTree = "<group>";
		};
/* End PBXGroup section */

/* Begin PBXNativeTarget section */
		8AE9B14122203EB9004A8553 /* GKNativeExtensions */ = {
			isa = PBXNativeTarget;
			buildConfigurationList = 8AE9B14522203EB9004A8553 /* Build configuration list for PBXNativeTarget "GKNativeExtensions" */;
			buildPhases = (
				8AE9B13E22203EB9004A8553 /* Sources */,
				8AE9B13F22203EB9004A8553 /* Frameworks */,
				8AE9B14022203EB9004A8553 /* Resources */,
			);
			buildRules = (
			);
			dependencies = (
			);
			name = GKNativeExtensions;
			productName = GKNativeExtensions;
			productReference = 8AE9B14222203EB9004A8553 /* GKNativeExtensions.bundle */;
			productType = "com.apple.product-type.bundle";
		};
/* End PBXNativeTarget section */

/* Begin PBXProject section */
		8AE9B0EC22202F06004A8553 /* Project object */ = {
			isa = PBXProject;
			attributes = {
				LastUpgradeCheck = 1000;
				ORGANIZATIONNAME = "Kristijan Trajkovski";
				TargetAttributes = {
					8AE9B14122203EB9004A8553 = {
						CreatedOnToolsVersion = 10.0;
					};
				};
			};
			buildConfigurationList = 8AE9B0EF22202F06004A8553 /* Build configuration list for PBXProject "GKNativeExtensions" */;
			compatibilityVersion = "Xcode 9.3";
			developmentRegion = en;
			hasScannedForEncodings = 0;
			knownRegions = (
				en,
			);
			mainGroup = 8AE9B0EB22202F06004A8553;
			productRefGroup = 8AE9B0F622202F06004A8553 /* Products */;
			projectDirPath = "";
			projectRoot = "";
			targets = (
				8AE9B14122203EB9004A8553 /* GKNativeExtensions */,
			);
		};
/* End PBXProject section */

/* Begin PBXResourcesBuildPhase section */
		8AE9B14022203EB9004A8553 /* Resources */ = {
			isa = PBXResourcesBuildPhase;
			buildActionMask = 2147483647;
			files = (
			);
			runOnlyForDeploymentPostprocessing = 0;
		};
/* End PBXResourcesBuildPhase section */

/* Begin PBXSourcesBuildPhase section */
		8AE9B13E22203EB9004A8553 /* Sources */ = {
			isa = PBXSourcesBuildPhase;
			buildActionMask = 2147483647;
			files = (
				8AE9B14A22203EF2004A8553 /* GKNativeExtensions.h in Sources */,
				8AE9B14822203EE3004A8553 /* GKNativeExtensions.mm in Sources */,
			);
			runOnlyForDeploymentPostprocessing = 0;
		};
/* End PBXSourcesBuildPhase section */

/* Begin XCBuildConfiguration section */
		8AE9B10722202F06004A8553 /* Debug */ = {
			isa = XCBuildConfiguration;
			buildSettings = {
				ALWAYS_SEARCH_USER_PATHS = NO;
				CLANG_ANALYZER_NONNULL = YES;
				CLANG_ANALYZER_NUMBER_OBJECT_CONVERSION = YES_AGGRESSIVE;
				CLANG_CXX_LANGUAGE_STANDARD = "gnu++14";
				CLANG_CXX_LIBRARY = "libc++";
				CLANG_ENABLE_MODULES = YES;
				CLANG_ENABLE_OBJC_ARC = YES;
				CLANG_ENABLE_OBJC_WEAK = YES;
				CLANG_WARN_BLOCK_CAPTURE_AUTORELEASING = YES;
				CLANG_WARN_BOOL_CONVERSION = YES;
				CLANG_WARN_COMMA = YES;
				CLANG_WARN_CONSTANT_CONVERSION = YES;
				CLANG_WARN_DEPRECATED_OBJC_IMPLEMENTATIONS = YES;
				CLANG_WARN_DIRECT_OBJC_ISA_USAGE = YES_ERROR;
				CLANG_WARN_DOCUMENTATION_COMMENTS = YES;
				CLANG_WARN_EMPTY_BODY = YES;
				CLANG_WARN_ENUM_CONVERSION = YES;
				CLANG_WARN_INFINITE_RECURSION = YES;
				CLANG_WARN_INT_CONVERSION = YES;
				CLANG_WARN_NON_LITERAL_NULL_CONVERSION = YES;
				CLANG_WARN_OBJC_IMPLICIT_RETAIN_SELF = YES;
				CLANG_WARN_OBJC_LITERAL_CONVERSION = YES;
				CLANG_WARN_OBJC_ROOT_CLASS = YES_ERROR;
				CLANG_WARN_RANGE_LOOP_ANALYSIS = YES;
				CLANG_WARN_STRICT_PROTOTYPES = YES;
				CLANG_WARN_SUSPICIOUS_MOVE = YES;
				CLANG_WARN_UNGUARDED_AVAILABILITY = YES_AGGRESSIVE;
				CLANG_WARN_UNREACHABLE_CODE = YES;
				CLANG_WARN__DUPLICATE_METHOD_MATCH = YES;
				CODE_SIGN_IDENTITY = "Mac Developer";
				COPY_PHASE_STRIP = NO;
				CURRENT_PROJECT_VERSION = 1;
				DEBUG_INFORMATION_FORMAT = dwarf;
				ENABLE_STRICT_OBJC_MSGSEND = YES;
				ENABLE_TESTABILITY = YES;
				GCC_C_LANGUAGE_STANDARD = gnu11;
				GCC_DYNAMIC_NO_PIC = NO;
				GCC_NO_COMMON_BLOCKS = YES;
				GCC_OPTIMIZATION_LEVEL = 0;
				GCC_PREPROCESSOR_DEFINITIONS = (
					"DEBUG=1",
					"$(inherited)",
				);
				GCC_WARN_64_TO_32_BIT_CONVERSION = YES;
				GCC_WARN_ABOUT_RETURN_TYPE = YES_ERROR;
				GCC_WARN_UNDECLARED_SELECTOR = YES;
				GCC_WARN_UNINITIALIZED_AUTOS = YES_AGGRESSIVE;
				GCC_WARN_UNUSED_FUNCTION = YES;
				GCC_WARN_UNUSED_VARIABLE = YES;
				MACOSX_DEPLOYMENT_TARGET = 10.14;
				MTL_ENABLE_DEBUG_INFO = INCLUDE_SOURCE;
				MTL_FAST_MATH = YES;
				ONLY_ACTIVE_ARCH = YES;
				SDKROOT = macosx;
				VERSIONING_SYSTEM = "apple-generic";
				VERSION_INFO_PREFIX = "";
			};
			name = Debug;
		};
		8AE9B10822202F06004A8553 /* Release */ = {
			isa = XCBuildConfiguration;
			buildSettings = {
				ALWAYS_SEARCH_USER_PATHS = NO;
				CLANG_ANALYZER_NONNULL = YES;
				CLANG_ANALYZER_NUMBER_OBJECT_CONVERSION = YES_AGGRESSIVE;
				CLANG_CXX_LANGUAGE_STANDARD = "gnu++14";
				CLANG_CXX_LIBRARY = "libc++";
				CLANG_ENABLE_MODULES = YES;
				CLANG_ENABLE_OBJC_ARC = YES;
				CLANG_ENABLE_OBJC_WEAK = YES;
				CLANG_WARN_BLOCK_CAPTURE_AUTORELEASING = YES;
				CLANG_WARN_BOOL_CONVERSION = YES;
				CLANG_WARN_COMMA = YES;
				CLANG_WARN_CONSTANT_CONVERSION = YES;
				CLANG_WARN_DEPRECATED_OBJC_IMPLEMENTATIONS = YES;
				CLANG_WARN_DIRECT_OBJC_ISA_USAGE = YES_ERROR;
				CLANG_WARN_DOCUMENTATION_COMMENTS = YES;
				CLANG_WARN_EMPTY_BODY = YES;
				CLANG_WARN_ENUM_CONVERSION = YES;
				CLANG_WARN_INFINITE_RECURSION = YES;
				CLANG_WARN_INT_CONVERSION = YES;
				CLANG_WARN_NON_LITERAL_NULL_CONVERSION = YES;
				CLANG_WARN_OBJC_IMPLICIT_RETAIN_SELF = YES;
				CLANG_WARN_OBJC_LITERAL_CONVERSION = YES;
				CLANG_WARN_OBJC_ROOT_CLASS = YES_ERROR;
				CLANG_WARN_RANGE_LOOP_ANALYSIS = YES;
				CLANG_WARN_STRICT_PROTOTYPES = YES;
				CLANG_WARN_SUSPICIOUS_MOVE = YES;
				CLANG_WARN_UNGUARDED_AVAILABILITY = YES_AGGRESSIVE;
				CLANG_WARN_UNREACHABLE_CODE = YES;
				CLANG_WARN__DUPLICATE_METHOD_MATCH = YES;
				CODE_SIGN_IDENTITY = "Mac Developer";
				COPY_PHASE_STRIP = NO;
				CURRENT_PROJECT_VERSION = 1;
				DEBUG_INFORMATION_FORMAT = "dwarf-with-dsym";
				ENABLE_NS_ASSERTIONS = NO;
				ENABLE_STRICT_OBJC_MSGSEND = YES;
				GCC_C_LANGUAGE_STANDARD = gnu11;
				GCC_NO_COMMON_BLOCKS = YES;
				GCC_WARN_64_TO_32_BIT_CONVERSION = YES;
				GCC_WARN_ABOUT_RETURN_TYPE = YES_ERROR;
				GCC_WARN_UNDECLARED_SELECTOR = YES;
				GCC_WARN_UNINITIALIZED_AUTOS = YES_AGGRESSIVE;
				GCC_WARN_UNUSED_FUNCTION = YES;
				GCC_WARN_UNUSED_VARIABLE = YES;
				MACOSX_DEPLOYMENT_TARGET = 10.14;
				MTL_ENABLE_DEBUG_INFO = NO;
				MTL_FAST_MATH = YES;
				SDKROOT = macosx;
				VERSIONING_SYSTEM = "apple-generic";
				VERSION_INFO_PREFIX = "";
			};
			name = Release;
		};
		8AE9B14622203EB9004A8553 /* Debug */ = {
			isa = XCBuildConfiguration;
			buildSettings = {
				CODE_SIGN_STYLE = Automatic;
				COMBINE_HIDPI_IMAGES = YES;
				DEVELOPMENT_TEAM = GC5X6V8MBJ;
				INFOPLIST_FILE = GKNativeExtensions/Info.plist;
				INSTALL_PATH = "$(LOCAL_LIBRARY_DIR)/Bundles";
				PRODUCT_BUNDLE_IDENTIFIER = com.dark1.GKNativeExtensions;
				PRODUCT_NAME = "$(TARGET_NAME)";
				SKIP_INSTALL = YES;
				WRAPPER_EXTENSION = bundle;
			};
			name = Debug;
		};
		8AE9B14722203EB9004A8553 /* Release */ = {
			isa = XCBuildConfiguration;
			buildSettings = {
				CODE_SIGN_STYLE = Automatic;
				COMBINE_HIDPI_IMAGES = YES;
				DEVELOPMENT_TEAM = GC5X6V8MBJ;
				INFOPLIST_FILE = GKNativeExtensions/Info.plist;
				INSTALL_PATH = "$(LOCAL_LIBRARY_DIR)/Bundles";
				PRODUCT_BUNDLE_IDENTIFIER = com.dark1.GKNativeExtensions;
				PRODUCT_NAME = "$(TARGET_NAME)";
				SKIP_INSTALL = YES;
				WRAPPER_EXTENSION = bundle;
			};
			name = Release;
		};
/* End XCBuildConfiguration section */

/* Begin XCConfigurationList section */
		8AE9B0EF22202F06004A8553 /* Build configuration list for PBXProject "GKNativeExtensions" */ = {
			isa = XCConfigurationList;
			buildConfigurations = (
				8AE9B10722202F06004A8553 /* Debug */,
				8AE9B10822202F06004A8553 /* Release */,
			);
			defaultConfigurationIsVisible = 0;
			defaultConfigurationName = Release;
		};
		8AE9B14522203EB9004A8553 /* Build configuration list for PBXNativeTarget "GKNativeExtensions" */ = {
			isa = XCConfigurationList;
			buildConfigurations = (
				8AE9B14622203EB9004A8553 /* Debug */,
				8AE9B14722203EB9004A8553 /* Release */,
			);
			defaultConfigurationIsVisible = 0;
			defaultConfigurationName = Release;
		};
/* End XCConfigurationList section */
	};
	rootObject = 8AE9B0EC22202F06004A8553 /* Project object */;
}
